
Microsoft Visual Studio Solution File, Format Version 12.00
# Visual Studio Version 17
VisualStudioVersion = 17.11.35222.181
MinimumVisualStudioVersion = 10.0.40219.1
Project("{FAE04EC0-301F-11D3-BF4B-00C04F79EFBC}") = "Leccion41", "Leccion41.csproj", "{0A2F637C-6106-45C1-9C3C-9BF9327340C7}"
EndProject
Global
	GlobalSection(SolutionConfigurationPlatforms) = preSolution
		Debug|Any CPU = Debug|Any CPU
		Release|Any CPU = Release|Any CPU
	EndGlobalSection
	GlobalSection(ProjectConfigurationPlatforms) = postSolution
		{0A2F637C-6106-45C1-9C3C-9BF9327340C7}.Debug|Any CPU.ActiveCfg = Debug|Any CPU
		{0A2F637C-6106-45C1-9C3C-9BF9327340C7}.Debug|Any CPU.Build.0 = Debug|Any CPU
		{0A2F637C-6106-45C1-9C3C-9BF9327340C7}.Release|Any CPU.ActiveCfg = Release|Any CPU
		{0A2F637C-6106-45C1-9C3C-9BF9327340C7}.Release|Any CPU.Build.0 = Release|Any CPU
	EndGlobalSection
	GlobalSection(SolutionProperties) = preSolution
		HideSolutionNode = FALSE
	EndGlobalSection
	GlobalSection(ExtensibilityGlobals) = postSolution
		SolutionGuid = {52FAA8B1-E3EF-4841-8584-DD3C9D0022DB}
	EndGlobalSection
EndGlobal
